<?xml version="1.0" encoding="utf-8"?>
<Project ToolsVersion="4.0" xmlns="http://schemas.microsoft.com/developer/msbuild/2003">
  <ItemGroup>
    <Filter Include="Input">
      <UniqueIdentifier>{ee13e25a-f365-4509-a9ac-e58456837693}</UniqueIdentifier>
    </Filter>
    <Filter Include="ServiceLocator">
      <UniqueIdentifier>{de292f2c-e1d1-4db2-9c75-8171a570ca1b}</UniqueIdentifier>
    </Filter>
    <Filter Include="Resource">
      <UniqueIdentifier>{ac479d01-a5d3-4b8e-9d1f-167d526b4173}</UniqueIdentifier>
    </Filter>
    <Filter Include="Scene">
      <UniqueIdentifier>{499275bd-680e-4d96-b778-fd343815debc}</UniqueIdentifier>
    </Filter>
    <Filter Include="Render">
      <UniqueIdentifier>{22f61468-366a-4591-bda2-b2d7388cded8}</UniqueIdentifier>
    </Filter>
    <Filter Include="Minigin">
      <UniqueIdentifier>{688233e7-f866-4f1d-b506-951a1fb96217}</UniqueIdentifier>
    </Filter>
    <Filter Include="ServiceLocator\Audio">
      <UniqueIdentifier>{279b9a01-a081-4218-8c96-a83fa894d597}</UniqueIdentifier>
    </Filter>
    <Filter Include="ServiceLocator\Log">
      <UniqueIdentifier>{a6e87cd6-595a-4fc7-912f-aa82d07ddec5}</UniqueIdentifier>
    </Filter>
    <Filter Include="Object">
      <UniqueIdentifier>{94b062b4-6dd2-4f73-b85e-d889c2204a65}</UniqueIdentifier>
    </Filter>
    <Filter Include="Precompiled Header">
      <UniqueIdentifier>{9f4f4cca-3ef3-425d-aa17-528c83b7d760}</UniqueIdentifier>
    </Filter>
    <Filter Include="Color">
      <UniqueIdentifier>{070b57c7-6931-4557-ab4d-d1ea31750559}</UniqueIdentifier>
    </Filter>
    <Filter Include="Command">
      <UniqueIdentifier>{1fb1b639-b1d0-4e89-90d6-63a5017086f6}</UniqueIdentifier>
    </Filter>
    <Filter Include="Vector">
      <UniqueIdentifier>{c8ace604-df54-4c75-b1ee-c9c781659dc6}</UniqueIdentifier>
    </Filter>
    <Filter Include="Observer">
      <UniqueIdentifier>{91050a83-1e1a-43d7-96ee-ec11c47bc9d4}</UniqueIdentifier>
    </Filter>
    <Filter Include="Component">
      <UniqueIdentifier>{98599030-6893-4f35-81ef-ff30245085ab}</UniqueIdentifier>
    </Filter>
    <Filter Include="Component\ModelComponent">
      <UniqueIdentifier>{3b9aaa40-1e2d-403d-ae53-e93cce55e01a}</UniqueIdentifier>
    </Filter>
    <Filter Include="Component\ViewComponent">
      <UniqueIdentifier>{b416a863-e07a-49a8-9c19-184cac436682}</UniqueIdentifier>
    </Filter>
    <Filter Include="State">
      <UniqueIdentifier>{fbd47ec7-abf0-4f7c-943a-837ffb62c665}</UniqueIdentifier>
    </Filter>
    <Filter Include="Component\CtrlComponent">
      <UniqueIdentifier>{f8bdbc64-3c07-4f99-b091-80a17c1f4a5f}</UniqueIdentifier>
    </Filter>
  </ItemGroup>
  <ItemGroup>
    <ClInclude Include="Scene.h">
      <Filter>Scene</Filter>
    </ClInclude>
    <ClInclude Include="SceneManager.h">
      <Filter>Scene</Filter>
    </ClInclude>
    <ClInclude Include="SceneObject.h">
      <Filter>Scene</Filter>
    </ClInclude>
    <ClInclude Include="InputAction.h">
      <Filter>Input</Filter>
    </ClInclude>
    <ClInclude Include="InputManager.h">
      <Filter>Input</Filter>
    </ClInclude>
    <ClInclude Include="ServiceLocator.h">
      <Filter>ServiceLocator</Filter>
    </ClInclude>
    <ClInclude Include="ResourceManager.h">
      <Filter>Resource</Filter>
    </ClInclude>
    <ClInclude Include="Texture2D.h">
      <Filter>Resource</Filter>
    </ClInclude>
    <ClInclude Include="Font.h">
      <Filter>Resource</Filter>
    </ClInclude>
    <ClInclude Include="Renderer.h">
      <Filter>Render</Filter>
    </ClInclude>
    <ClInclude Include="Minigin.h">
      <Filter>Minigin</Filter>
    </ClInclude>
    <ClInclude Include="Audio.h">
      <Filter>ServiceLocator\Audio</Filter>
    </ClInclude>
    <ClInclude Include="MutedAudio.h">
      <Filter>ServiceLocator\Audio</Filter>
    </ClInclude>
    <ClInclude Include="NullAudio.h">
      <Filter>ServiceLocator\Audio</Filter>
    </ClInclude>
    <ClInclude Include="RegularAudio.h">
      <Filter>ServiceLocator\Audio</Filter>
    </ClInclude>
    <ClInclude Include="ColorRGBA8.h">
      <Filter>Color</Filter>
    </ClInclude>
    <ClInclude Include="ModelComponent.h">
      <Filter>Component\ModelComponent</Filter>
    </ClInclude>
    <ClInclude Include="TransformModelComponent.h">
      <Filter>Component\ModelComponent</Filter>
    </ClInclude>
    <ClInclude Include="RenderViewComponent.h">
      <Filter>Component\ViewComponent</Filter>
    </ClInclude>
    <ClInclude Include="TextViewComponent.h">
      <Filter>Component\ViewComponent</Filter>
    </ClInclude>
    <ClInclude Include="ViewComponent.h">
      <Filter>Component\ViewComponent</Filter>
    </ClInclude>
    <ClInclude Include="FpsViewComponent.h">
      <Filter>Component\ViewComponent</Filter>
    </ClInclude>
    <ClInclude Include="GameObject.h">
      <Filter>Object</Filter>
    </ClInclude>
    <ClInclude Include="ColliderModelComponent.h">
      <Filter>Component\ModelComponent</Filter>
    </ClInclude>
    <ClInclude Include="pch.h">
      <Filter>Precompiled Header</Filter>
    </ClInclude>
    <ClInclude Include="Command.h">
      <Filter>Command</Filter>
    </ClInclude>
    <ClInclude Include="Vec2.h">
      <Filter>Vector</Filter>
    </ClInclude>
    <ClInclude Include="Observer.h">
      <Filter>Observer</Filter>
    </ClInclude>
    <ClInclude Include="ObsSubject.h">
      <Filter>Observer</Filter>
    </ClInclude>
    <ClInclude Include="State.h">
      <Filter>State</Filter>
    </ClInclude>
    <ClInclude Include="CtrlComponent.h">
      <Filter>Component\CtrlComponent</Filter>
    </ClInclude>
  </ItemGroup>
  <ItemGroup>
    <ClCompile Include="Scene.cpp">
      <Filter>Scene</Filter>
    </ClCompile>
    <ClCompile Include="SceneManager.cpp">
      <Filter>Scene</Filter>
    </ClCompile>
    <ClCompile Include="InputAction.cpp">
      <Filter>Input</Filter>
    </ClCompile>
    <ClCompile Include="InputManager.cpp">
      <Filter>Input</Filter>
    </ClCompile>
    <ClCompile Include="ServiceLocator.cpp">
      <Filter>ServiceLocator</Filter>
    </ClCompile>
    <ClCompile Include="Font.cpp">
      <Filter>Resource</Filter>
    </ClCompile>
    <ClCompile Include="ResourceManager.cpp">
      <Filter>Resource</Filter>
    </ClCompile>
    <ClCompile Include="Texture2D.cpp">
      <Filter>Resource</Filter>
    </ClCompile>
    <ClCompile Include="Renderer.cpp">
      <Filter>Render</Filter>
    </ClCompile>
    <ClCompile Include="Minigin.cpp">
      <Filter>Minigin</Filter>
    </ClCompile>
    <ClCompile Include="MutedAudio.cpp">
      <Filter>ServiceLocator\Audio</Filter>
    </ClCompile>
    <ClCompile Include="RegularAudio.cpp">
      <Filter>ServiceLocator\Audio</Filter>
    </ClCompile>
    <ClCompile Include="ColorRGBA8.cpp">
      <Filter>Color</Filter>
    </ClCompile>
    <ClCompile Include="NullAudio.cpp">
      <Filter>ServiceLocator\Audio</Filter>
    </ClCompile>
    <ClCompile Include="ModelComponent.cpp">
      <Filter>Component\ModelComponent</Filter>
    </ClCompile>
    <ClCompile Include="TransformModelComponent.cpp">
      <Filter>Component\ModelComponent</Filter>
    </ClCompile>
    <ClCompile Include="RenderViewComponent.cpp">
      <Filter>Component\ViewComponent</Filter>
    </ClCompile>
    <ClCompile Include="TextViewComponent.cpp">
      <Filter>Component\ViewComponent</Filter>
    </ClCompile>
    <ClCompile Include="ViewComponent.cpp">
      <Filter>Component\ViewComponent</Filter>
    </ClCompile>
    <ClCompile Include="FpsViewComponent.cpp">
      <Filter>Component\ViewComponent</Filter>
    </ClCompile>
    <ClCompile Include="GameObject.cpp">
      <Filter>Object</Filter>
    </ClCompile>
    <ClCompile Include="ColliderModelComponent.cpp">
      <Filter>Component\ModelComponent</Filter>
    </ClCompile>
    <ClCompile Include="pch.cpp">
      <Filter>Precompiled Header</Filter>
    </ClCompile>
    <ClCompile Include="ObsSubject.cpp">
      <Filter>Observer</Filter>
    </ClCompile>
    <ClCompile Include="State.cpp">
      <Filter>State</Filter>
    </ClCompile>
    <ClCompile Include="CtrlComponent.cpp">
      <Filter>Component\CtrlComponent</Filter>
    </ClCompile>
  </ItemGroup>
</Project>