<?xml version="1.0" encoding="utf-8"?>
<Project ToolsVersion="4.0" xmlns="http://schemas.microsoft.com/developer/msbuild/2003">
  <ItemGroup>
    <Filter Include="Source Files">
      <UniqueIdentifier>{4FC737F1-C7A5-4376-A066-2A32D752A2FF}</UniqueIdentifier>
      <Extensions>cpp;c;cc;cxx;def;odl;idl;hpj;bat;asm;asmx</Extensions>
    </Filter>
    <Filter Include="Header Files">
      <UniqueIdentifier>{93995380-89BD-4b04-88EB-625FBE52EBFB}</UniqueIdentifier>
      <Extensions>h;hh;hpp;hxx;hm;inl;inc;xsd</Extensions>
    </Filter>
    <Filter Include="Resource Files">
      <UniqueIdentifier>{67DA6AB6-F800-4c08-8B7A-83BB121AAD01}</UniqueIdentifier>
      <Extensions>rc;ico;cur;bmp;dlg;rc2;rct;bin;rgs;gif;jpg;jpeg;jpe;resx;tiff;tif;png;wav;mfcribbon-ms</Extensions>
    </Filter>
    <Filter Include="Command">
      <UniqueIdentifier>{3e1903ca-9498-4665-8b41-7d64a1fa1775}</UniqueIdentifier>
    </Filter>
    <Filter Include="Actor">
      <UniqueIdentifier>{33caf348-596f-4c32-b75c-d22d9cd28916}</UniqueIdentifier>
    </Filter>
    <Filter Include="GameObjects">
      <UniqueIdentifier>{5067143d-99e5-4394-b72b-f672f0a19a4d}</UniqueIdentifier>
    </Filter>
    <Filter Include="Buffer">
      <UniqueIdentifier>{4d00e032-59cf-4cee-a099-6fe2226a47a2}</UniqueIdentifier>
    </Filter>
    <Filter Include="Color">
      <UniqueIdentifier>{5c466c9e-4670-47e4-89b8-9a54cad5b321}</UniqueIdentifier>
    </Filter>
  </ItemGroup>
  <ItemGroup>
    <ClCompile Include="Main.cpp">
      <Filter>Source Files</Filter>
    </ClCompile>
    <ClCompile Include="pch.cpp">
      <Filter>Source Files</Filter>
    </ClCompile>
    <ClCompile Include="FireCommand.cpp">
      <Filter>Command</Filter>
    </ClCompile>
    <ClCompile Include="JumpCommand.cpp">
      <Filter>Command</Filter>
    </ClCompile>
    <ClCompile Include="BubbleBobble.cpp">
      <Filter>Source Files</Filter>
    </ClCompile>
    <ClCompile Include="LeftCommand.cpp">
      <Filter>Command</Filter>
    </ClCompile>
    <ClCompile Include="RightCommand.cpp">
      <Filter>Command</Filter>
    </ClCompile>
    <ClCompile Include="StartCommand.cpp">
      <Filter>Command</Filter>
    </ClCompile>
    <ClCompile Include="IntroComponent.cpp">
      <Filter>Source Files</Filter>
    </ClCompile>
    <ClCompile Include="Level.cpp">
      <Filter>GameObjects</Filter>
    </ClCompile>
    <ClCompile Include="Buffer.cpp">
      <Filter>Buffer</Filter>
    </ClCompile>
    <ClCompile Include="BufferManager.cpp">
      <Filter>Buffer</Filter>
    </ClCompile>
    <ClCompile Include="BufferAblocks.cpp">
      <Filter>Buffer</Filter>
    </ClCompile>
    <ClCompile Include="BufferBubble.cpp">
      <Filter>Buffer</Filter>
    </ClCompile>
    <ClCompile Include="ColorXRGB4.cpp">
      <Filter>Color</Filter>
    </ClCompile>
    <ClCompile Include="ColorRGBA8.cpp">
      <Filter>Color</Filter>
    </ClCompile>
    <ClCompile Include="BufferAdwarf.cpp">
      <Filter>Buffer</Filter>
    </ClCompile>
    <ClCompile Include="BufferAextend.cpp">
      <Filter>Buffer</Filter>
    </ClCompile>
    <ClCompile Include="BufferAirflow.cpp">
      <Filter>Buffer</Filter>
    </ClCompile>
    <ClCompile Include="BufferApic.cpp">
      <Filter>Buffer</Filter>
    </ClCompile>
    <ClCompile Include="BufferAsecret.cpp">
      <Filter>Buffer</Filter>
    </ClCompile>
    <ClCompile Include="BufferAsprites.cpp">
      <Filter>Buffer</Filter>
    </ClCompile>
    <ClCompile Include="BufferBdata.cpp">
      <Filter>Buffer</Filter>
    </ClCompile>
    <ClCompile Include="BufferBubcode.cpp">
      <Filter>Buffer</Filter>
    </ClCompile>
    <ClCompile Include="Hud.cpp">
      <Filter>GameObjects</Filter>
    </ClCompile>
    <ClCompile Include="Intro.cpp">
      <Filter>GameObjects</Filter>
    </ClCompile>
  </ItemGroup>
  <ItemGroup>
    <ClInclude Include="FireCommand.h">
      <Filter>Command</Filter>
    </ClInclude>
    <ClInclude Include="JumpCommand.h">
      <Filter>Command</Filter>
    </ClInclude>
    <ClInclude Include="BubbleBobble.h">
      <Filter>Header Files</Filter>
    </ClInclude>
    <ClInclude Include="pch.h">
      <Filter>Header Files</Filter>
    </ClInclude>
    <ClInclude Include="LeftCommand.h">
      <Filter>Command</Filter>
    </ClInclude>
    <ClInclude Include="RightCommand.h">
      <Filter>Command</Filter>
    </ClInclude>
    <ClInclude Include="StartCommand.h">
      <Filter>Command</Filter>
    </ClInclude>
    <ClInclude Include="ActorComponent.h">
      <Filter>Actor</Filter>
    </ClInclude>
    <ClInclude Include="IntroComponent.h">
      <Filter>Actor</Filter>
    </ClInclude>
    <ClInclude Include="Level.h">
      <Filter>GameObjects</Filter>
    </ClInclude>
    <ClInclude Include="Buffer.h">
      <Filter>Buffer</Filter>
    </ClInclude>
    <ClInclude Include="BufferManager.h">
      <Filter>Buffer</Filter>
    </ClInclude>
    <ClInclude Include="BufferAblocks.h">
      <Filter>Buffer</Filter>
    </ClInclude>
    <ClInclude Include="BufferBubble.h">
      <Filter>Buffer</Filter>
    </ClInclude>
    <ClInclude Include="ColorXRGB4.h">
      <Filter>Color</Filter>
    </ClInclude>
    <ClInclude Include="ColorRGBA8.h">
      <Filter>Color</Filter>
    </ClInclude>
    <ClInclude Include="BufferAdwarf.h">
      <Filter>Buffer</Filter>
    </ClInclude>
    <ClInclude Include="BufferAextend.h">
      <Filter>Buffer</Filter>
    </ClInclude>
    <ClInclude Include="BufferAirflow.h">
      <Filter>Buffer</Filter>
    </ClInclude>
    <ClInclude Include="BufferApic.h">
      <Filter>Buffer</Filter>
    </ClInclude>
    <ClInclude Include="BufferAsecret.h">
      <Filter>Buffer</Filter>
    </ClInclude>
    <ClInclude Include="BufferAsprites.h">
      <Filter>Buffer</Filter>
    </ClInclude>
    <ClInclude Include="BufferBdata.h">
      <Filter>Buffer</Filter>
    </ClInclude>
    <ClInclude Include="BufferBubcode.h">
      <Filter>Buffer</Filter>
    </ClInclude>
    <ClInclude Include="Hud.h">
      <Filter>GameObjects</Filter>
    </ClInclude>
    <ClInclude Include="Intro.h">
      <Filter>GameObjects</Filter>
    </ClInclude>
  </ItemGroup>
</Project>