<?xml version="1.0" encoding="utf-8"?>
<Project ToolsVersion="4.0" xmlns="http://schemas.microsoft.com/developer/msbuild/2003">
  <ItemGroup>
    <Filter Include="Command">
      <UniqueIdentifier>{3e1903ca-9498-4665-8b41-7d64a1fa1775}</UniqueIdentifier>
    </Filter>
    <Filter Include="Buffer">
      <UniqueIdentifier>{4d00e032-59cf-4cee-a099-6fe2226a47a2}</UniqueIdentifier>
    </Filter>
    <Filter Include="Color">
      <UniqueIdentifier>{5c466c9e-4670-47e4-89b8-9a54cad5b321}</UniqueIdentifier>
    </Filter>
    <Filter Include="Component">
      <UniqueIdentifier>{33caf348-596f-4c32-b75c-d22d9cd28916}</UniqueIdentifier>
    </Filter>
    <Filter Include="Prefabs">
      <UniqueIdentifier>{5067143d-99e5-4394-b72b-f672f0a19a4d}</UniqueIdentifier>
    </Filter>
    <Filter Include="Precompiled Header">
      <UniqueIdentifier>{577b1261-9cad-4d18-bc61-4b21385c28e3}</UniqueIdentifier>
    </Filter>
    <Filter Include="Main">
      <UniqueIdentifier>{420ba68e-960a-4d9a-9c47-c97416d7ad6b}</UniqueIdentifier>
    </Filter>
    <Filter Include="Observer">
      <UniqueIdentifier>{7b93cec5-d6ad-4db2-90cd-bd7763212b57}</UniqueIdentifier>
    </Filter>
    <Filter Include="Manager">
      <UniqueIdentifier>{56611d31-7a33-4b61-afef-2c0afcad7894}</UniqueIdentifier>
    </Filter>
    <Filter Include="State">
      <UniqueIdentifier>{f5381d56-29bf-48aa-9b19-4032bb8f76bb}</UniqueIdentifier>
    </Filter>
    <Filter Include="State\AvatarHealthState">
      <UniqueIdentifier>{94406bc1-66b9-48da-8029-6135bef815a8}</UniqueIdentifier>
    </Filter>
    <Filter Include="Component\CtrlComponent">
      <UniqueIdentifier>{e4a731b4-fa69-4c57-a4db-3e0107dca7fd}</UniqueIdentifier>
    </Filter>
    <Filter Include="Component\ModelComponent">
      <UniqueIdentifier>{c5cf410f-6fe0-442b-a021-9a898b3bc02f}</UniqueIdentifier>
    </Filter>
    <Filter Include="State\CharacterKineticState">
      <UniqueIdentifier>{624955ad-735c-425a-8481-be6434bd97b7}</UniqueIdentifier>
    </Filter>
    <Filter Include="State\CharacterWeaponState">
      <UniqueIdentifier>{51ae2f0b-c677-4dea-82e6-175c22c4d4d3}</UniqueIdentifier>
    </Filter>
    <Filter Include="State\BubbleKineticState">
      <UniqueIdentifier>{782f1ff2-be91-4589-b085-9ad4cf47e66c}</UniqueIdentifier>
    </Filter>
  </ItemGroup>
  <ItemGroup>
    <ClCompile Include="FireCommand.cpp">
      <Filter>Command</Filter>
    </ClCompile>
    <ClCompile Include="JumpCommand.cpp">
      <Filter>Command</Filter>
    </ClCompile>
    <ClCompile Include="LeftCommand.cpp">
      <Filter>Command</Filter>
    </ClCompile>
    <ClCompile Include="RightCommand.cpp">
      <Filter>Command</Filter>
    </ClCompile>
    <ClCompile Include="Level.cpp">
      <Filter>Prefabs</Filter>
    </ClCompile>
    <ClCompile Include="Buffer.cpp">
      <Filter>Buffer</Filter>
    </ClCompile>
    <ClCompile Include="BufferManager.cpp">
      <Filter>Buffer</Filter>
    </ClCompile>
    <ClCompile Include="BufferAblocks.cpp">
      <Filter>Buffer</Filter>
    </ClCompile>
    <ClCompile Include="BufferBubble.cpp">
      <Filter>Buffer</Filter>
    </ClCompile>
    <ClCompile Include="ColorXRGB4.cpp">
      <Filter>Color</Filter>
    </ClCompile>
    <ClCompile Include="BufferAdwarf.cpp">
      <Filter>Buffer</Filter>
    </ClCompile>
    <ClCompile Include="BufferAextend.cpp">
      <Filter>Buffer</Filter>
    </ClCompile>
    <ClCompile Include="BufferAirflow.cpp">
      <Filter>Buffer</Filter>
    </ClCompile>
    <ClCompile Include="BufferApic.cpp">
      <Filter>Buffer</Filter>
    </ClCompile>
    <ClCompile Include="BufferAsecret.cpp">
      <Filter>Buffer</Filter>
    </ClCompile>
    <ClCompile Include="BufferAsprites.cpp">
      <Filter>Buffer</Filter>
    </ClCompile>
    <ClCompile Include="BufferBdata.cpp">
      <Filter>Buffer</Filter>
    </ClCompile>
    <ClCompile Include="BufferBubcode.cpp">
      <Filter>Buffer</Filter>
    </ClCompile>
    <ClCompile Include="Hud.cpp">
      <Filter>Prefabs</Filter>
    </ClCompile>
    <ClCompile Include="Intro.cpp">
      <Filter>Prefabs</Filter>
    </ClCompile>
    <ClCompile Include="Start.cpp">
      <Filter>Prefabs</Filter>
    </ClCompile>
    <ClCompile Include="Avatar.cpp">
      <Filter>Prefabs</Filter>
    </ClCompile>
    <ClCompile Include="Bubble.cpp">
      <Filter>Prefabs</Filter>
    </ClCompile>
    <ClCompile Include="Npc.cpp">
      <Filter>Prefabs</Filter>
    </ClCompile>
    <ClCompile Include="Start1Command.cpp">
      <Filter>Command</Filter>
    </ClCompile>
    <ClCompile Include="Start2Command.cpp">
      <Filter>Command</Filter>
    </ClCompile>
    <ClCompile Include="pch.cpp">
      <Filter>Precompiled Header</Filter>
    </ClCompile>
    <ClCompile Include="Main.cpp">
      <Filter>Main</Filter>
    </ClCompile>
    <ClCompile Include="HudObserver.cpp">
      <Filter>Observer</Filter>
    </ClCompile>
    <ClCompile Include="NpcManager.cpp">
      <Filter>Manager</Filter>
    </ClCompile>
    <ClCompile Include="BubbleManager.cpp">
      <Filter>Manager</Filter>
    </ClCompile>
    <ClCompile Include="ObjectsManager.cpp">
      <Filter>Manager</Filter>
    </ClCompile>
    <ClCompile Include="AvatarManager.cpp">
      <Filter>Manager</Filter>
    </ClCompile>
    <ClCompile Include="Candy.cpp">
      <Filter>Prefabs</Filter>
    </ClCompile>
    <ClCompile Include="CandyManager.cpp">
      <Filter>Manager</Filter>
    </ClCompile>
    <ClCompile Include="FallingState.cpp">
      <Filter>State\CharacterKineticState</Filter>
    </ClCompile>
    <ClCompile Include="JumpingState.cpp">
      <Filter>State\CharacterKineticState</Filter>
    </ClCompile>
    <ClCompile Include="StandingState.cpp">
      <Filter>State\CharacterKineticState</Filter>
    </ClCompile>
    <ClCompile Include="ReadyState.cpp">
      <Filter>State\CharacterWeaponState</Filter>
    </ClCompile>
    <ClCompile Include="FiringState.cpp">
      <Filter>State\CharacterWeaponState</Filter>
    </ClCompile>
    <ClCompile Include="ReloadingState.cpp">
      <Filter>State\CharacterWeaponState</Filter>
    </ClCompile>
    <ClCompile Include="AvatarHealthState.cpp">
      <Filter>State\AvatarHealthState</Filter>
    </ClCompile>
    <ClCompile Include="LivingState.cpp">
      <Filter>State\AvatarHealthState</Filter>
    </ClCompile>
    <ClCompile Include="DyingState.cpp">
      <Filter>State\AvatarHealthState</Filter>
    </ClCompile>
    <ClCompile Include="InvincibleState.cpp">
      <Filter>State\AvatarHealthState</Filter>
    </ClCompile>
    <ClCompile Include="AvatarComponent.cpp">
      <Filter>Component\ModelComponent</Filter>
    </ClCompile>
    <ClCompile Include="BubbleComponent.cpp">
      <Filter>Component\ModelComponent</Filter>
    </ClCompile>
    <ClCompile Include="CandyComponent.cpp">
      <Filter>Component\ModelComponent</Filter>
    </ClCompile>
    <ClCompile Include="HudComponent.cpp">
      <Filter>Component\ModelComponent</Filter>
    </ClCompile>
    <ClCompile Include="IntroComponent.cpp">
      <Filter>Component\ModelComponent</Filter>
    </ClCompile>
    <ClCompile Include="LevelComponent.cpp">
      <Filter>Component\ModelComponent</Filter>
    </ClCompile>
    <ClCompile Include="NpcComponent.cpp">
      <Filter>Component\ModelComponent</Filter>
    </ClCompile>
    <ClCompile Include="StartComponent.cpp">
      <Filter>Component\ModelComponent</Filter>
    </ClCompile>
    <ClCompile Include="NpcCtrlComponent.cpp">
      <Filter>Component\CtrlComponent</Filter>
    </ClCompile>
    <ClCompile Include="CharacterComponent.cpp">
      <Filter>Component\ModelComponent</Filter>
    </ClCompile>
    <ClCompile Include="CharacterKineticState.cpp">
      <Filter>State\CharacterKineticState</Filter>
    </ClCompile>
    <ClCompile Include="CharacterWeaponState.cpp">
      <Filter>State\CharacterWeaponState</Filter>
    </ClCompile>
    <ClCompile Include="BubbleCtrlComponent.cpp">
      <Filter>Component\CtrlComponent</Filter>
    </ClCompile>
    <ClCompile Include="BubbleKineticState.cpp">
      <Filter>State\BubbleKineticState</Filter>
    </ClCompile>
    <ClCompile Include="BubbleCaptureState.cpp">
      <Filter>State\BubbleKineticState</Filter>
    </ClCompile>
    <ClCompile Include="BubbleFloatingState.cpp">
      <Filter>State\BubbleKineticState</Filter>
    </ClCompile>
    <ClCompile Include="BubblePoppingState.cpp">
      <Filter>State\BubbleKineticState</Filter>
    </ClCompile>
    <ClCompile Include="BubbleBobble.cpp">
      <Filter>Prefabs</Filter>
    </ClCompile>
  </ItemGroup>
  <ItemGroup>
    <ClInclude Include="FireCommand.h">
      <Filter>Command</Filter>
    </ClInclude>
    <ClInclude Include="JumpCommand.h">
      <Filter>Command</Filter>
    </ClInclude>
    <ClInclude Include="LeftCommand.h">
      <Filter>Command</Filter>
    </ClInclude>
    <ClInclude Include="RightCommand.h">
      <Filter>Command</Filter>
    </ClInclude>
    <ClInclude Include="Level.h">
      <Filter>Prefabs</Filter>
    </ClInclude>
    <ClInclude Include="Buffer.h">
      <Filter>Buffer</Filter>
    </ClInclude>
    <ClInclude Include="BufferManager.h">
      <Filter>Buffer</Filter>
    </ClInclude>
    <ClInclude Include="BufferAblocks.h">
      <Filter>Buffer</Filter>
    </ClInclude>
    <ClInclude Include="BufferBubble.h">
      <Filter>Buffer</Filter>
    </ClInclude>
    <ClInclude Include="ColorXRGB4.h">
      <Filter>Color</Filter>
    </ClInclude>
    <ClInclude Include="BufferAdwarf.h">
      <Filter>Buffer</Filter>
    </ClInclude>
    <ClInclude Include="BufferAextend.h">
      <Filter>Buffer</Filter>
    </ClInclude>
    <ClInclude Include="BufferAirflow.h">
      <Filter>Buffer</Filter>
    </ClInclude>
    <ClInclude Include="BufferApic.h">
      <Filter>Buffer</Filter>
    </ClInclude>
    <ClInclude Include="BufferAsecret.h">
      <Filter>Buffer</Filter>
    </ClInclude>
    <ClInclude Include="BufferAsprites.h">
      <Filter>Buffer</Filter>
    </ClInclude>
    <ClInclude Include="BufferBdata.h">
      <Filter>Buffer</Filter>
    </ClInclude>
    <ClInclude Include="BufferBubcode.h">
      <Filter>Buffer</Filter>
    </ClInclude>
    <ClInclude Include="Hud.h">
      <Filter>Prefabs</Filter>
    </ClInclude>
    <ClInclude Include="Intro.h">
      <Filter>Prefabs</Filter>
    </ClInclude>
    <ClInclude Include="Start.h">
      <Filter>Prefabs</Filter>
    </ClInclude>
    <ClInclude Include="Avatar.h">
      <Filter>Prefabs</Filter>
    </ClInclude>
    <ClInclude Include="Bubble.h">
      <Filter>Prefabs</Filter>
    </ClInclude>
    <ClInclude Include="Npc.h">
      <Filter>Prefabs</Filter>
    </ClInclude>
    <ClInclude Include="Start1Command.h">
      <Filter>Command</Filter>
    </ClInclude>
    <ClInclude Include="Start2Command.h">
      <Filter>Command</Filter>
    </ClInclude>
    <ClInclude Include="pch.h">
      <Filter>Precompiled Header</Filter>
    </ClInclude>
    <ClInclude Include="HudObserver.h">
      <Filter>Observer</Filter>
    </ClInclude>
    <ClInclude Include="NpcManager.h">
      <Filter>Manager</Filter>
    </ClInclude>
    <ClInclude Include="BubbleManager.h">
      <Filter>Manager</Filter>
    </ClInclude>
    <ClInclude Include="ObjectsManager.h">
      <Filter>Manager</Filter>
    </ClInclude>
    <ClInclude Include="AvatarManager.h">
      <Filter>Manager</Filter>
    </ClInclude>
    <ClInclude Include="Candy.h">
      <Filter>Prefabs</Filter>
    </ClInclude>
    <ClInclude Include="CandyManager.h">
      <Filter>Manager</Filter>
    </ClInclude>
    <ClInclude Include="FallingState.h">
      <Filter>State\CharacterKineticState</Filter>
    </ClInclude>
    <ClInclude Include="JumpingState.h">
      <Filter>State\CharacterKineticState</Filter>
    </ClInclude>
    <ClInclude Include="StandingState.h">
      <Filter>State\CharacterKineticState</Filter>
    </ClInclude>
    <ClInclude Include="ReadyState.h">
      <Filter>State\CharacterWeaponState</Filter>
    </ClInclude>
    <ClInclude Include="FiringState.h">
      <Filter>State\CharacterWeaponState</Filter>
    </ClInclude>
    <ClInclude Include="ReloadingState.h">
      <Filter>State\CharacterWeaponState</Filter>
    </ClInclude>
    <ClInclude Include="AvatarHealthState.h">
      <Filter>State\AvatarHealthState</Filter>
    </ClInclude>
    <ClInclude Include="LivingState.h">
      <Filter>State\AvatarHealthState</Filter>
    </ClInclude>
    <ClInclude Include="DyingState.h">
      <Filter>State\AvatarHealthState</Filter>
    </ClInclude>
    <ClInclude Include="InvincibleState.h">
      <Filter>State\AvatarHealthState</Filter>
    </ClInclude>
    <ClInclude Include="AvatarComponent.h">
      <Filter>Component\ModelComponent</Filter>
    </ClInclude>
    <ClInclude Include="BubbleComponent.h">
      <Filter>Component\ModelComponent</Filter>
    </ClInclude>
    <ClInclude Include="CandyComponent.h">
      <Filter>Component\ModelComponent</Filter>
    </ClInclude>
    <ClInclude Include="HudComponent.h">
      <Filter>Component\ModelComponent</Filter>
    </ClInclude>
    <ClInclude Include="IntroComponent.h">
      <Filter>Component\ModelComponent</Filter>
    </ClInclude>
    <ClInclude Include="LevelComponent.h">
      <Filter>Component\ModelComponent</Filter>
    </ClInclude>
    <ClInclude Include="NpcComponent.h">
      <Filter>Component\ModelComponent</Filter>
    </ClInclude>
    <ClInclude Include="StartComponent.h">
      <Filter>Component\ModelComponent</Filter>
    </ClInclude>
    <ClInclude Include="NpcCtrlComponent.h">
      <Filter>Component\CtrlComponent</Filter>
    </ClInclude>
    <ClInclude Include="CharacterComponent.h">
      <Filter>Component\ModelComponent</Filter>
    </ClInclude>
    <ClInclude Include="CharacterKineticState.h">
      <Filter>State\CharacterKineticState</Filter>
    </ClInclude>
    <ClInclude Include="CharacterWeaponState.h">
      <Filter>State\CharacterWeaponState</Filter>
    </ClInclude>
    <ClInclude Include="BubbleCtrlComponent.h">
      <Filter>Component\CtrlComponent</Filter>
    </ClInclude>
    <ClInclude Include="BubbleKineticState.h">
      <Filter>State\BubbleKineticState</Filter>
    </ClInclude>
    <ClInclude Include="BubbleCaptureState.h">
      <Filter>State\BubbleKineticState</Filter>
    </ClInclude>
    <ClInclude Include="BubbleFloatingState.h">
      <Filter>State\BubbleKineticState</Filter>
    </ClInclude>
    <ClInclude Include="BubblePoppingState.h">
      <Filter>State\BubbleKineticState</Filter>
    </ClInclude>
    <ClInclude Include="BubbleBobble.h">
      <Filter>Prefabs</Filter>
    </ClInclude>
  </ItemGroup>
</Project>